
Microsoft Visual Studio Solution File, Format Version 12.00
# Visual Studio Version 17
VisualStudioVersion = 17.5.002.0
MinimumVisualStudioVersion = 10.0.40219.1
Project("{9A19103F-16F7-4668-BE54-9A1E7A4F7556}") = "Comercial.Api", "Comercial.Api.csproj", "{9381E17C-9723-41E8-B324-4EA90B24F18B}"
EndProject
Global
	GlobalSection(SolutionConfigurationPlatforms) = preSolution
		Debug|Any CPU = Debug|Any CPU
		Release|Any CPU = Release|Any CPU
	EndGlobalSection
	GlobalSection(ProjectConfigurationPlatforms) = postSolution
		{9381E17C-9723-41E8-B324-4EA90B24F18B}.Debug|Any CPU.ActiveCfg = Debug|Any CPU
		{9381E17C-9723-41E8-B324-4EA90B24F18B}.Debug|Any CPU.Build.0 = Debug|Any CPU
		{9381E17C-9723-41E8-B324-4EA90B24F18B}.Release|Any CPU.ActiveCfg = Release|Any CPU
		{9381E17C-9723-41E8-B324-4EA90B24F18B}.Release|Any CPU.Build.0 = Release|Any CPU
	EndGlobalSection
	GlobalSection(SolutionProperties) = preSolution
		HideSolutionNode = FALSE
	EndGlobalSection
	GlobalSection(ExtensibilityGlobals) = postSolution
		SolutionGuid = {7A43A168-0716-4056-97C0-E12F1E5A0A75}
	EndGlobalSection
EndGlobal
